// !$*UTF8*$!
{
	archiveVersion = 1;
	classes = {
	};
	objectVersion = 46;
	objects = {

/* Begin PBXBuildFile section */
		8114A9841CCD2629006E16B6 /* AppDelegate.swift in Sources */ = {isa = PBXBuildFile; fileRef = 8114A9831CCD2629006E16B6 /* AppDelegate.swift */; };
		8114A9861CCD2629006E16B6 /* ViewController.swift in Sources */ = {isa = PBXBuildFile; fileRef = 8114A9851CCD2629006E16B6 /* ViewController.swift */; };
		8114A9891CCD2629006E16B6 /* Main.storyboard in Resources */ = {isa = PBXBuildFile; fileRef = 8114A9871CCD2629006E16B6 /* Main.storyboard */; };
		8114A98B1CCD2629006E16B6 /* Assets.xcassets in Resources */ = {isa = PBXBuildFile; fileRef = 8114A98A1CCD2629006E16B6 /* Assets.xcassets */; };
		8114A98E1CCD2629006E16B6 /* LaunchScreen.storyboard in Resources */ = {isa = PBXBuildFile; fileRef = 8114A98C1CCD2629006E16B6 /* LaunchScreen.storyboard */; };
		8114A9991CCD262A006E16B6 /* SuperCoolTests.swift in Sources */ = {isa = PBXBuildFile; fileRef = 8114A9981CCD262A006E16B6 /* SuperCoolTests.swift */; };
		8114A9A41CCD262A006E16B6 /* SuperCoolUITests.swift in Sources */ = {isa = PBXBuildFile; fileRef = 8114A9A31CCD262A006E16B6 /* SuperCoolUITests.swift */; };
/* End PBXBuildFile section */

/* Begin PBXContainerItemProxy section */
		8114A9951CCD262A006E16B6 /* PBXContainerItemProxy */ = {
			isa = PBXContainerItemProxy;
			containerPortal = 8114A9781CCD2629006E16B6 /* Project object */;
			proxyType = 1;
			remoteGlobalIDString = 8114A97F1CCD2629006E16B6;
			remoteInfo = SuperCool;
		};
		8114A9A01CCD262A006E16B6 /* PBXContainerItemProxy */ = {
			isa = PBXContainerItemProxy;
			containerPortal = 8114A9781CCD2629006E16B6 /* Project object */;
			proxyType = 1;
			remoteGlobalIDString = 8114A97F1CCD2629006E16B6;
			remoteInfo = SuperCool;
		};
/* End PBXContainerItemProxy section */

/* Begin PBXFileReference section */
		8114A9801CCD2629006E16B6 /* SuperCool.app */ = {isa = PBXFileReference; explicitFileType = wrapper.application; includeInIndex = 0; path = SuperCool.app; sourceTree = BUILT_PRODUCTS_DIR; };
		8114A9831CCD2629006E16B6 /* AppDelegate.swift */ = {isa = PBXFileReference; lastKnownFileType = sourcecode.swift; path = AppDelegate.swift; sourceTree = "<group>"; };
		8114A9851CCD2629006E16B6 /* ViewController.swift */ = {isa = PBXFileReference; lastKnownFileType = sourcecode.swift; path = ViewController.swift; sourceTree = "<group>"; };
		8114A9881CCD2629006E16B6 /* Base */ = {isa = PBXFileReference; lastKnownFileType = file.storyboard; name = Base; path = Base.lproj/Main.storyboard; sourceTree = "<group>"; };
		8114A98A1CCD2629006E16B6 /* Assets.xcassets */ = {isa = PBXFileReference; lastKnownFileType = folder.assetcatalog; path = Assets.xcassets; sourceTree = "<group>"; };
		8114A98D1CCD2629006E16B6 /* Base */ = {isa = PBXFileReference; lastKnownFileType = file.storyboard; name = Base; path = Base.lproj/LaunchScreen.storyboard; sourceTree = "<group>"; };
		8114A98F1CCD2629006E16B6 /* Info.plist */ = {isa = PBXFileReference; lastKnownFileType = text.plist.xml; path = Info.plist; sourceTree = "<group>"; };
		8114A9941CCD262A006E16B6 /* SuperCoolTests.xctest */ = {isa = PBXFileReference; explicitFileType = wrapper.cfbundle; includeInIndex = 0; path = SuperCoolTests.xctest; sourceTree = BUILT_PRODUCTS_DIR; };
		8114A9981CCD262A006E16B6 /* SuperCoolTests.swift */ = {isa = PBXFileReference; lastKnownFileType = sourcecode.swift; path = SuperCoolTests.swift; sourceTree = "<group>"; };
		8114A99A1CCD262A006E16B6 /* Info.plist */ = {isa = PBXFileReference; lastKnownFileType = text.plist.xml; path = Info.plist; sourceTree = "<group>"; };
		8114A99F1CCD262A006E16B6 /* SuperCoolUITests.xctest */ = {isa = PBXFileReference; explicitFileType = wrapper.cfbundle; includeInIndex = 0; path = SuperCoolUITests.xctest; sourceTree = BUILT_PRODUCTS_DIR; };
		8114A9A31CCD262A006E16B6 /* SuperCoolUITests.swift */ = {isa = PBXFileReference; lastKnownFileType = sourcecode.swift; path = SuperCoolUITests.swift; sourceTree = "<group>"; };
		8114A9A51CCD262A006E16B6 /* Info.plist */ = {isa = PBXFileReference; lastKnownFileType = text.plist.xml; path = Info.plist; sourceTree = "<group>"; };
/* End PBXFileReference section */

/* Begin PBXFrameworksBuildPhase section */
		8114A97D1CCD2629006E16B6 /* Frameworks */ = {
			isa = PBXFrameworksBuildPhase;
			buildActionMask = 2147483647;
			files = (
			);
			runOnlyForDeploymentPostprocessing = 0;
		};
		8114A9911CCD262A006E16B6 /* Frameworks */ = {
			isa = PBXFrameworksBuildPhase;
			buildActionMask = 2147483647;
			files = (
			);
			runOnlyForDeploymentPostprocessing = 0;
		};
		8114A99C1CCD262A006E16B6 /* Frameworks */ = {
			isa = PBXFrameworksBuildPhase;
			buildActionMask = 2147483647;
			files = (
			);
			runOnlyForDeploymentPostprocessing = 0;
		};
/* End PBXFrameworksBuildPhase section */

/* Begin PBXGroup section */
		8114A9771CCD2629006E16B6 = {
			isa = PBXGroup;
			children = (
				8114A9821CCD2629006E16B6 /* SuperCool */,
				8114A9971CCD262A006E16B6 /* SuperCoolTests */,
				8114A9A21CCD262A006E16B6 /* SuperCoolUITests */,
				8114A9811CCD2629006E16B6 /* Products */,
			);
			sourceTree = "<group>";
		};
		8114A9811CCD2629006E16B6 /* Products */ = {
			isa = PBXGroup;
			children = (
				8114A9801CCD2629006E16B6 /* SuperCool.app */,
				8114A9941CCD262A006E16B6 /* SuperCoolTests.xctest */,
				8114A99F1CCD262A006E16B6 /* SuperCoolUITests.xctest */,
			);
			name = Products;
			sourceTree = "<group>";
		};
		8114A9821CCD2629006E16B6 /* SuperCool */ = {
			isa = PBXGroup;
			children = (
				8114A9831CCD2629006E16B6 /* AppDelegate.swift */,
				8114A9851CCD2629006E16B6 /* ViewController.swift */,
				8114A9871CCD2629006E16B6 /* Main.storyboard */,
				8114A98A1CCD2629006E16B6 /* Assets.xcassets */,
				8114A98C1CCD2629006E16B6 /* LaunchScreen.storyboard */,
				8114A98F1CCD2629006E16B6 /* Info.plist */,
			);
			path = SuperCool;
			sourceTree = "<group>";
		};
		8114A9971CCD262A006E16B6 /* SuperCoolTests */ = {
			isa = PBXGroup;
			children = (
				8114A9981CCD262A006E16B6 /* SuperCoolTests.swift */,
				8114A99A1CCD262A006E16B6 /* Info.plist */,
			);
			path = SuperCoolTests;
			sourceTree = "<group>";
		};
		8114A9A21CCD262A006E16B6 /* SuperCoolUITests */ = {
			isa = PBXGroup;
			children = (
				8114A9A31CCD262A006E16B6 /* SuperCoolUITests.swift */,
				8114A9A51CCD262A006E16B6 /* Info.plist */,
			);
			path = SuperCoolUITests;
			sourceTree = "<group>";
		};
/* End PBXGroup section */

/* Begin PBXNativeTarget section */
		8114A97F1CCD2629006E16B6 /* SuperCool */ = {
			isa = PBXNativeTarget;
			buildConfigurationList = 8114A9A81CCD262A006E16B6 /* Build configuration list for PBXNativeTarget "SuperCool" */;
			buildPhases = (
				8114A97C1CCD2629006E16B6 /* Sources */,
				8114A97D1CCD2629006E16B6 /* Frameworks */,
				8114A97E1CCD2629006E16B6 /* Resources */,
			);
			buildRules = (
			);
			dependencies = (
			);
			name = SuperCool;
			productName = SuperCool;
			productReference = 8114A9801CCD2629006E16B6 /* SuperCool.app */;
			productType = "com.apple.product-type.application";
		};
		8114A9931CCD262A006E16B6 /* SuperCoolTests */ = {
			isa = PBXNativeTarget;
			buildConfigurationList = 8114A9AB1CCD262A006E16B6 /* Build configuration list for PBXNativeTarget "SuperCoolTests" */;
			buildPhases = (
				8114A9901CCD262A006E16B6 /* Sources */,
				8114A9911CCD262A006E16B6 /* Frameworks */,
				8114A9921CCD262A006E16B6 /* Resources */,
			);
			buildRules = (
			);
			dependencies = (
				8114A9961CCD262A006E16B6 /* PBXTargetDependency */,
			);
			name = SuperCoolTests;
			productName = SuperCoolTests;
			productReference = 8114A9941CCD262A006E16B6 /* SuperCoolTests.xctest */;
			productType = "com.apple.product-type.bundle.unit-test";
		};
		8114A99E1CCD262A006E16B6 /* SuperCoolUITests */ = {
			isa = PBXNativeTarget;
			buildConfigurationList = 8114A9AE1CCD262A006E16B6 /* Build configuration list for PBXNativeTarget "SuperCoolUITests" */;
			buildPhases = (
				8114A99B1CCD262A006E16B6 /* Sources */,
				8114A99C1CCD262A006E16B6 /* Frameworks */,
				8114A99D1CCD262A006E16B6 /* Resources */,
			);
			buildRules = (
			);
			dependencies = (
				8114A9A11CCD262A006E16B6 /* PBXTargetDependency */,
			);
			name = SuperCoolUITests;
			productName = SuperCoolUITests;
			productReference = 8114A99F1CCD262A006E16B6 /* SuperCoolUITests.xctest */;
			productType = "com.apple.product-type.bundle.ui-testing";
		};
/* End PBXNativeTarget section */

/* Begin PBXProject section */
		8114A9781CCD2629006E16B6 /* Project object */ = {
			isa = PBXProject;
			attributes = {
				LastSwiftUpdateCheck = 0720;
				LastUpgradeCheck = 0720;
				ORGANIZATIONNAME = "Noah Eaton";
				TargetAttributes = {
					8114A97F1CCD2629006E16B6 = {
						CreatedOnToolsVersion = 7.2.1;
						DevelopmentTeam = JT4N6DE53W;
					};
					8114A9931CCD262A006E16B6 = {
						CreatedOnToolsVersion = 7.2.1;
						TestTargetID = 8114A97F1CCD2629006E16B6;
					};
					8114A99E1CCD262A006E16B6 = {
						CreatedOnToolsVersion = 7.2.1;
						TestTargetID = 8114A97F1CCD2629006E16B6;
					};
				};
			};
			buildConfigurationList = 8114A97B1CCD2629006E16B6 /* Build configuration list for PBXProject "SuperCool" */;
			compatibilityVersion = "Xcode 3.2";
			developmentRegion = English;
			hasScannedForEncodings = 0;
			knownRegions = (
				en,
				Base,
			);
			mainGroup = 8114A9771CCD2629006E16B6;
			productRefGroup = 8114A9811CCD2629006E16B6 /* Products */;
			projectDirPath = "";
			projectRoot = "";
			targets = (
				8114A97F1CCD2629006E16B6 /* SuperCool */,
				8114A9931CCD262A006E16B6 /* SuperCoolTests */,
				8114A99E1CCD262A006E16B6 /* SuperCoolUITests */,
			);
		};
/* End PBXProject section */

/* Begin PBXResourcesBuildPhase section */
		8114A97E1CCD2629006E16B6 /* Resources */ = {
			isa = PBXResourcesBuildPhase;
			buildActionMask = 2147483647;
			files = (
				8114A98E1CCD2629006E16B6 /* LaunchScreen.storyboard in Resources */,
				8114A98B1CCD2629006E16B6 /* Assets.xcassets in Resources */,
				8114A9891CCD2629006E16B6 /* Main.storyboard in Resources */,
			);
			runOnlyForDeploymentPostprocessing = 0;
		};
		8114A9921CCD262A006E16B6 /* Resources */ = {
			isa = PBXResourcesBuildPhase;
			buildActionMask = 2147483647;
			files = (
			);
			runOnlyForDeploymentPostprocessing = 0;
		};
		8114A99D1CCD262A006E16B6 /* Resources */ = {
			isa = PBXResourcesBuildPhase;
			buildActionMask = 2147483647;
			files = (
			);
			runOnlyForDeploymentPostprocessing = 0;
		};
/* End PBXResourcesBuildPhase section */

/* Begin PBXSourcesBuildPhase section */
		8114A97C1CCD2629006E16B6 /* Sources */ = {
			isa = PBXSourcesBuildPhase;
			buildActionMask = 2147483647;
			files = (
				8114A9861CCD2629006E16B6 /* ViewController.swift in Sources */,
				8114A9841CCD2629006E16B6 /* AppDelegate.swift in Sources */,
			);
			runOnlyForDeploymentPostprocessing = 0;
		};
		8114A9901CCD262A006E16B6 /* Sources */ = {
			isa = PBXSourcesBuildPhase;
			buildActionMask = 2147483647;
			files = (
				8114A9991CCD262A006E16B6 /* SuperCoolTests.swift in Sources */,
			);
			runOnlyForDeploymentPostprocessing = 0;
		};
		8114A99B1CCD262A006E16B6 /* Sources */ = {
			isa = PBXSourcesBuildPhase;
			buildActionMask = 2147483647;
			files = (
				8114A9A41CCD262A006E16B6 /* SuperCoolUITests.swift in Sources */,
			);
			runOnlyForDeploymentPostprocessing = 0;
		};
/* End PBXSourcesBuildPhase section */

/* Begin PBXTargetDependency section */
		8114A9961CCD262A006E16B6 /* PBXTargetDependency */ = {
			isa = PBXTargetDependency;
			target = 8114A97F1CCD2629006E16B6 /* SuperCool */;
			targetProxy = 8114A9951CCD262A006E16B6 /* PBXContainerItemProxy */;
		};
		8114A9A11CCD262A006E16B6 /* PBXTargetDependency */ = {
			isa = PBXTargetDependency;
			target = 8114A97F1CCD2629006E16B6 /* SuperCool */;
			targetProxy = 8114A9A01CCD262A006E16B6 /* PBXContainerItemProxy */;
		};
/* End PBXTargetDependency section */

/* Begin PBXVariantGroup section */
		8114A9871CCD2629006E16B6 /* Main.storyboard */ = {
			isa = PBXVariantGroup;
			children = (
				8114A9881CCD2629006E16B6 /* Base */,
			);
			name = Main.storyboard;
			sourceTree = "<group>";
		};
		8114A98C1CCD2629006E16B6 /* LaunchScreen.storyboard */ = {
			isa = PBXVariantGroup;
			children = (
				8114A98D1CCD2629006E16B6 /* Base */,
			);
			name = LaunchScreen.storyboard;
			sourceTree = "<group>";
		};
/* End PBXVariantGroup section */

/* Begin XCBuildConfiguration section */
		8114A9A61CCD262A006E16B6 /* Debug */ = {
			isa = XCBuildConfiguration;
			buildSettings = {
				ALWAYS_SEARCH_USER_PATHS = NO;
				CLANG_CXX_LANGUAGE_STANDARD = "gnu++0x";
				CLANG_CXX_LIBRARY = "libc++";
				CLANG_ENABLE_MODULES = YES;
				CLANG_ENABLE_OBJC_ARC = YES;
				CLANG_WARN_BOOL_CONVERSION = YES;
				CLANG_WARN_CONSTANT_CONVERSION = YES;
				CLANG_WARN_DIRECT_OBJC_ISA_USAGE = YES_ERROR;
				CLANG_WARN_EMPTY_BODY = YES;
				CLANG_WARN_ENUM_CONVERSION = YES;
				CLANG_WARN_INT_CONVERSION = YES;
				CLANG_WARN_OBJC_ROOT_CLASS = YES_ERROR;
				CLANG_WARN_UNREACHABLE_CODE = YES;
				CLANG_WARN__DUPLICATE_METHOD_MATCH = YES;
				"CODE_SIGN_IDENTITY[sdk=iphoneos*]" = "iPhone Developer";
				COPY_PHASE_STRIP = NO;
				DEBUG_INFORMATION_FORMAT = dwarf;
				ENABLE_STRICT_OBJC_MSGSEND = YES;
				ENABLE_TESTABILITY = YES;
				GCC_C_LANGUAGE_STANDARD = gnu99;
				GCC_DYNAMIC_NO_PIC = NO;
				GCC_NO_COMMON_BLOCKS = YES;
				GCC_OPTIMIZATION_LEVEL = 0;
				GCC_PREPROCESSOR_DEFINITIONS = (
					"DEBUG=1",
					"$(inherited)",
				);
				GCC_WARN_64_TO_32_BIT_CONVERSION = YES;
				GCC_WARN_ABOUT_RETURN_TYPE = YES_ERROR;
				GCC_WARN_UNDECLARED_SELECTOR = YES;
				GCC_WARN_UNINITIALIZED_AUTOS = YES_AGGRESSIVE;
				GCC_WARN_UNUSED_FUNCTION = YES;
				GCC_WARN_UNUSED_VARIABLE = YES;
				IPHONEOS_DEPLOYMENT_TARGET = 9.2;
				MTL_ENABLE_DEBUG_INFO = YES;
				ONLY_ACTIVE_ARCH = YES;
				SDKROOT = iphoneos;
				SWIFT_OPTIMIZATION_LEVEL = "-Onone";
			};
			name = Debug;
		};
		8114A9A71CCD262A006E16B6 /* Release */ = {
			isa = XCBuildConfiguration;
			buildSettings = {
				ALWAYS_SEARCH_USER_PATHS = NO;
				CLANG_CXX_LANGUAGE_STANDARD = "gnu++0x";
				CLANG_CXX_LIBRARY = "libc++";
				CLANG_ENABLE_MODULES = YES;
				CLANG_ENABLE_OBJC_ARC = YES;
				CLANG_WARN_BOOL_CONVERSION = YES;
				CLANG_WARN_CONSTANT_CONVERSION = YES;
				CLANG_WARN_DIRECT_OBJC_ISA_USAGE = YES_ERROR;
				CLANG_WARN_EMPTY_BODY = YES;
				CLANG_WARN_ENUM_CONVERSION = YES;
				CLANG_WARN_INT_CONVERSION = YES;
				CLANG_WARN_OBJC_ROOT_CLASS = YES_ERROR;
				CLANG_WARN_UNREACHABLE_CODE = YES;
				CLANG_WARN__DUPLICATE_METHOD_MATCH = YES;
				"CODE_SIGN_IDENTITY[sdk=iphoneos*]" = "iPhone Developer";
				COPY_PHASE_STRIP = NO;
				DEBUG_INFORMATION_FORMAT = "dwarf-with-dsym";
				ENABLE_NS_ASSERTIONS = NO;
				ENABLE_STRICT_OBJC_MSGSEND = YES;
				GCC_C_LANGUAGE_STANDARD = gnu99;
				GCC_NO_COMMON_BLOCKS = YES;
				GCC_WARN_64_TO_32_BIT_CONVERSION = YES;
				GCC_WARN_ABOUT_RETURN_TYPE = YES_ERROR;
				GCC_WARN_UNDECLARED_SELECTOR = YES;
				GCC_WARN_UNINITIALIZED_AUTOS = YES_AGGRESSIVE;
				GCC_WARN_UNUSED_FUNCTION = YES;
				GCC_WARN_UNUSED_VARIABLE = YES;
				IPHONEOS_DEPLOYMENT_TARGET = 9.2;
				MTL_ENABLE_DEBUG_INFO = NO;
				SDKROOT = iphoneos;
				VALIDATE_PRODUCT = YES;
			};
			name = Release;
		};
		8114A9A91CCD262A006E16B6 /* Debug */ = {
			isa = XCBuildConfiguration;
			buildSettings = {
				ASSETCATALOG_COMPILER_APPICON_NAME = AppIcon;
				CODE_SIGN_IDENTITY = "iPhone Developer";
				"CODE_SIGN_IDENTITY[sdk=iphoneos*]" = "iPhone Developer";
				INFOPLIST_FILE = SuperCool/Info.plist;
				IPHONEOS_DEPLOYMENT_TARGET = 9.2;
				LD_RUNPATH_SEARCH_PATHS = "$(inherited) @executable_path/Frameworks";
				PRODUCT_BUNDLE_IDENTIFIER = what.SuperCool;
				PRODUCT_NAME = "$(TARGET_NAME)";
				PROVISIONING_PROFILE = "";
			};
			name = Debug;
		};
		8114A9AA1CCD262A006E16B6 /* Release */ = {
			isa = XCBuildConfiguration;
			buildSettings = {
				ASSETCATALOG_COMPILER_APPICON_NAME = AppIcon;
				CODE_SIGN_IDENTITY = "iPhone Developer";
				"CODE_SIGN_IDENTITY[sdk=iphoneos*]" = "iPhone Developer";
				INFOPLIST_FILE = SuperCool/Info.plist;
				IPHONEOS_DEPLOYMENT_TARGET = 9.2;
				LD_RUNPATH_SEARCH_PATHS = "$(inherited) @executable_path/Frameworks";
				PRODUCT_BUNDLE_IDENTIFIER = what.SuperCool;
				PRODUCT_NAME = "$(TARGET_NAME)";
				PROVISIONING_PROFILE = "";
			};
			name = Release;
		};
		8114A9AC1CCD262A006E16B6 /* Debug */ = {
			isa = XCBuildConfiguration;
			buildSettings = {
				BUNDLE_LOADER = "$(TEST_HOST)";
				INFOPLIST_FILE = SuperCoolTests/Info.plist;
				LD_RUNPATH_SEARCH_PATHS = "$(inherited) @executable_path/Frameworks @loader_path/Frameworks";
				PRODUCT_BUNDLE_IDENTIFIER = com.NoahEaton.SuperCoolTests;
				PRODUCT_NAME = "$(TARGET_NAME)";
				TEST_HOST = "$(BUILT_PRODUCTS_DIR)/SuperCool.app/SuperCool";
			};
			name = Debug;
		};
		8114A9AD1CCD262A006E16B6 /* Release */ = {
			isa = XCBuildConfiguration;
			buildSettings = {
				BUNDLE_LOADER = "$(TEST_HOST)";
				INFOPLIST_FILE = SuperCoolTests/Info.plist;
				LD_RUNPATH_SEARCH_PATHS = "$(inherited) @executable_path/Frameworks @loader_path/Frameworks";
				PRODUCT_BUNDLE_IDENTIFIER = com.NoahEaton.SuperCoolTests;
				PRODUCT_NAME = "$(TARGET_NAME)";
				TEST_HOST = "$(BUILT_PRODUCTS_DIR)/SuperCool.app/SuperCool";
			};
			name = Release;
		};
		8114A9AF1CCD262A006E16B6 /* Debug */ = {
			isa = XCBuildConfiguration;
			buildSettings = {
				INFOPLIST_FILE = SuperCoolUITests/Info.plist;
				LD_RUNPATH_SEARCH_PATHS = "$(inherited) @executable_path/Frameworks @loader_path/Frameworks";
				PRODUCT_BUNDLE_IDENTIFIER = com.NoahEaton.SuperCoolUITests;
				PRODUCT_NAME = "$(TARGET_NAME)";
				TEST_TARGET_NAME = SuperCool;
				USES_XCTRUNNER = YES;
			};
			name = Debug;
		};
		8114A9B01CCD262A006E16B6 /* Release */ = {
			isa = XCBuildConfiguration;
			buildSettings = {
				INFOPLIST_FILE = SuperCoolUITests/Info.plist;
				LD_RUNPATH_SEARCH_PATHS = "$(inherited) @executable_path/Frameworks @loader_path/Frameworks";
				PRODUCT_BUNDLE_IDENTIFIER = com.NoahEaton.SuperCoolUITests;
				PRODUCT_NAME = "$(TARGET_NAME)";
				TEST_TARGET_NAME = SuperCool;
				USES_XCTRUNNER = YES;
			};
			name = Release;
		};
/* End XCBuildConfiguration section */

/* Begin XCConfigurationList section */
		8114A97B1CCD2629006E16B6 /* Build configuration list for PBXProject "SuperCool" */ = {
			isa = XCConfigurationList;
			buildConfigurations = (
				8114A9A61CCD262A006E16B6 /* Debug */,
				8114A9A71CCD262A006E16B6 /* Release */,
			);
			defaultConfigurationIsVisible = 0;
			defaultConfigurationName = Release;
		};
		8114A9A81CCD262A006E16B6 /* Build configuration list for PBXNativeTarget "SuperCool" */ = {
			isa = XCConfigurationList;
			buildConfigurations = (
				8114A9A91CCD262A006E16B6 /* Debug */,
				8114A9AA1CCD262A006E16B6 /* Release */,
			);
			defaultConfigurationIsVisible = 0;
			defaultConfigurationName = Release;
		};
		8114A9AB1CCD262A006E16B6 /* Build configuration list for PBXNativeTarget "SuperCoolTests" */ = {
			isa = XCConfigurationList;
			buildConfigurations = (
				8114A9AC1CCD262A006E16B6 /* Debug */,
				8114A9AD1CCD262A006E16B6 /* Release */,
			);
			defaultConfigurationIsVisible = 0;
			defaultConfigurationName = Release;
		};
		8114A9AE1CCD262A006E16B6 /* Build configuration list for PBXNativeTarget "SuperCoolUITests" */ = {
			isa = XCConfigurationList;
			buildConfigurations = (
				8114A9AF1CCD262A006E16B6 /* Debug */,
				8114A9B01CCD262A006E16B6 /* Release */,
			);
			defaultConfigurationIsVisible = 0;
			defaultConfigurationName = Release;
		};
/* End XCConfigurationList section */
	};
	rootObject = 8114A9781CCD2629006E16B6 /* Project object */;
}
